// !$*UTF8*$!
{
	archiveVersion = 1;
	classes = {
	};
	objectVersion = 56;
	objects = {

/* Begin PBXBuildFile section */
		B8451FB6292CCF15009B54E4 /* AppDelegate.swift in Sources */ = {isa = PBXBuildFile; fileRef = B8451FB5292CCF15009B54E4 /* AppDelegate.swift */; };
		B8451FB8292CCF15009B54E4 /* SceneDelegate.swift in Sources */ = {isa = PBXBuildFile; fileRef = B8451FB7292CCF15009B54E4 /* SceneDelegate.swift */; };
		B8451FBA292CCF15009B54E4 /* ViewController.swift in Sources */ = {isa = PBXBuildFile; fileRef = B8451FB9292CCF15009B54E4 /* ViewController.swift */; };
		B8451FBD292CCF15009B54E4 /* Main.storyboard in Resources */ = {isa = PBXBuildFile; fileRef = B8451FBB292CCF15009B54E4 /* Main.storyboard */; };
		B8451FBF292CCF19009B54E4 /* Assets.xcassets in Resources */ = {isa = PBXBuildFile; fileRef = B8451FBE292CCF19009B54E4 /* Assets.xcassets */; };
		B8451FC2292CCF19009B54E4 /* LaunchScreen.storyboard in Resources */ = {isa = PBXBuildFile; fileRef = B8451FC0292CCF19009B54E4 /* LaunchScreen.storyboard */; };
		B8451FCD292CCF1A009B54E4 /* Original_appTests.swift in Sources */ = {isa = PBXBuildFile; fileRef = B8451FCC292CCF1A009B54E4 /* Original_appTests.swift */; };
		B8451FD7292CCF1A009B54E4 /* Original_appUITests.swift in Sources */ = {isa = PBXBuildFile; fileRef = B8451FD6292CCF1A009B54E4 /* Original_appUITests.swift */; };
		B8451FD9292CCF1A009B54E4 /* Original_appUITestsLaunchTests.swift in Sources */ = {isa = PBXBuildFile; fileRef = B8451FD8292CCF1A009B54E4 /* Original_appUITestsLaunchTests.swift */; };
		B8451FE629360C85009B54E4 /* SecondViewController.swift in Sources */ = {isa = PBXBuildFile; fileRef = B8451FE529360C85009B54E4 /* SecondViewController.swift */; };
/* End PBXBuildFile section */

/* Begin PBXContainerItemProxy section */
		B8451FC9292CCF1A009B54E4 /* PBXContainerItemProxy */ = {
			isa = PBXContainerItemProxy;
			containerPortal = B8451FAA292CCF15009B54E4 /* Project object */;
			proxyType = 1;
			remoteGlobalIDString = B8451FB1292CCF15009B54E4;
			remoteInfo = Original_app;
		};
		B8451FD3292CCF1A009B54E4 /* PBXContainerItemProxy */ = {
			isa = PBXContainerItemProxy;
			containerPortal = B8451FAA292CCF15009B54E4 /* Project object */;
			proxyType = 1;
			remoteGlobalIDString = B8451FB1292CCF15009B54E4;
			remoteInfo = Original_app;
		};
/* End PBXContainerItemProxy section */

/* Begin PBXFileReference section */
		B8451FB2292CCF15009B54E4 /* Original_app.app */ = {isa = PBXFileReference; explicitFileType = wrapper.application; includeInIndex = 0; path = Original_app.app; sourceTree = BUILT_PRODUCTS_DIR; };
		B8451FB5292CCF15009B54E4 /* AppDelegate.swift */ = {isa = PBXFileReference; lastKnownFileType = sourcecode.swift; path = AppDelegate.swift; sourceTree = "<group>"; };
		B8451FB7292CCF15009B54E4 /* SceneDelegate.swift */ = {isa = PBXFileReference; lastKnownFileType = sourcecode.swift; path = SceneDelegate.swift; sourceTree = "<group>"; };
		B8451FB9292CCF15009B54E4 /* ViewController.swift */ = {isa = PBXFileReference; lastKnownFileType = sourcecode.swift; path = ViewController.swift; sourceTree = "<group>"; };
		B8451FBC292CCF15009B54E4 /* Base */ = {isa = PBXFileReference; lastKnownFileType = file.storyboard; name = Base; path = Base.lproj/Main.storyboard; sourceTree = "<group>"; };
		B8451FBE292CCF19009B54E4 /* Assets.xcassets */ = {isa = PBXFileReference; lastKnownFileType = folder.assetcatalog; path = Assets.xcassets; sourceTree = "<group>"; };
		B8451FC1292CCF19009B54E4 /* Base */ = {isa = PBXFileReference; lastKnownFileType = file.storyboard; name = Base; path = Base.lproj/LaunchScreen.storyboard; sourceTree = "<group>"; };
		B8451FC3292CCF19009B54E4 /* Info.plist */ = {isa = PBXFileReference; lastKnownFileType = text.plist.xml; path = Info.plist; sourceTree = "<group>"; };
		B8451FC8292CCF1A009B54E4 /* Original_appTests.xctest */ = {isa = PBXFileReference; explicitFileType = wrapper.cfbundle; includeInIndex = 0; path = Original_appTests.xctest; sourceTree = BUILT_PRODUCTS_DIR; };
		B8451FCC292CCF1A009B54E4 /* Original_appTests.swift */ = {isa = PBXFileReference; lastKnownFileType = sourcecode.swift; path = Original_appTests.swift; sourceTree = "<group>"; };
		B8451FD2292CCF1A009B54E4 /* Original_appUITests.xctest */ = {isa = PBXFileReference; explicitFileType = wrapper.cfbundle; includeInIndex = 0; path = Original_appUITests.xctest; sourceTree = BUILT_PRODUCTS_DIR; };
		B8451FD6292CCF1A009B54E4 /* Original_appUITests.swift */ = {isa = PBXFileReference; lastKnownFileType = sourcecode.swift; path = Original_appUITests.swift; sourceTree = "<group>"; };
		B8451FD8292CCF1A009B54E4 /* Original_appUITestsLaunchTests.swift */ = {isa = PBXFileReference; lastKnownFileType = sourcecode.swift; path = Original_appUITestsLaunchTests.swift; sourceTree = "<group>"; };
		B8451FE529360C85009B54E4 /* SecondViewController.swift */ = {isa = PBXFileReference; lastKnownFileType = sourcecode.swift; path = SecondViewController.swift; sourceTree = "<group>"; };
/* End PBXFileReference section */

/* Begin PBXFrameworksBuildPhase section */
		B8451FAF292CCF15009B54E4 /* Frameworks */ = {
			isa = PBXFrameworksBuildPhase;
			buildActionMask = 2147483647;
			files = (
			);
			runOnlyForDeploymentPostprocessing = 0;
		};
		B8451FC5292CCF1A009B54E4 /* Frameworks */ = {
			isa = PBXFrameworksBuildPhase;
			buildActionMask = 2147483647;
			files = (
			);
			runOnlyForDeploymentPostprocessing = 0;
		};
		B8451FCF292CCF1A009B54E4 /* Frameworks */ = {
			isa = PBXFrameworksBuildPhase;
			buildActionMask = 2147483647;
			files = (
			);
			runOnlyForDeploymentPostprocessing = 0;
		};
/* End PBXFrameworksBuildPhase section */

/* Begin PBXGroup section */
		B8451FA9292CCF15009B54E4 = {
			isa = PBXGroup;
			children = (
				B8451FB4292CCF15009B54E4 /* Original_app */,
				B8451FCB292CCF1A009B54E4 /* Original_appTests */,
				B8451FD5292CCF1A009B54E4 /* Original_appUITests */,
				B8451FB3292CCF15009B54E4 /* Products */,
			);
			sourceTree = "<group>";
		};
		B8451FB3292CCF15009B54E4 /* Products */ = {
			isa = PBXGroup;
			children = (
				B8451FB2292CCF15009B54E4 /* Original_app.app */,
				B8451FC8292CCF1A009B54E4 /* Original_appTests.xctest */,
				B8451FD2292CCF1A009B54E4 /* Original_appUITests.xctest */,
			);
			name = Products;
			sourceTree = "<group>";
		};
		B8451FB4292CCF15009B54E4 /* Original_app */ = {
			isa = PBXGroup;
			children = (
				B8451FB5292CCF15009B54E4 /* AppDelegate.swift */,
				B8451FB7292CCF15009B54E4 /* SceneDelegate.swift */,
				B8451FBB292CCF15009B54E4 /* Main.storyboard */,
				B8451FB9292CCF15009B54E4 /* ViewController.swift */,
				B8451FE529360C85009B54E4 /* SecondViewController.swift */,
				B8451FBE292CCF19009B54E4 /* Assets.xcassets */,
				B8451FC0292CCF19009B54E4 /* LaunchScreen.storyboard */,
				B8451FC3292CCF19009B54E4 /* Info.plist */,
			);
			path = Original_app;
			sourceTree = "<group>";
		};
		B8451FCB292CCF1A009B54E4 /* Original_appTests */ = {
			isa = PBXGroup;
			children = (
				B8451FCC292CCF1A009B54E4 /* Original_appTests.swift */,
			);
			path = Original_appTests;
			sourceTree = "<group>";
		};
		B8451FD5292CCF1A009B54E4 /* Original_appUITests */ = {
			isa = PBXGroup;
			children = (
				B8451FD6292CCF1A009B54E4 /* Original_appUITests.swift */,
				B8451FD8292CCF1A009B54E4 /* Original_appUITestsLaunchTests.swift */,
			);
			path = Original_appUITests;
			sourceTree = "<group>";
		};
/* End PBXGroup section */

/* Begin PBXNativeTarget section */
		B8451FB1292CCF15009B54E4 /* Original_app */ = {
			isa = PBXNativeTarget;
			buildConfigurationList = B8451FDC292CCF1A009B54E4 /* Build configuration list for PBXNativeTarget "Original_app" */;
			buildPhases = (
				B8451FAE292CCF15009B54E4 /* Sources */,
				B8451FAF292CCF15009B54E4 /* Frameworks */,
				B8451FB0292CCF15009B54E4 /* Resources */,
			);
			buildRules = (
			);
			dependencies = (
			);
			name = Original_app;
			productName = Original_app;
			productReference = B8451FB2292CCF15009B54E4 /* Original_app.app */;
			productType = "com.apple.product-type.application";
		};
		B8451FC7292CCF1A009B54E4 /* Original_appTests */ = {
			isa = PBXNativeTarget;
			buildConfigurationList = B8451FDF292CCF1A009B54E4 /* Build configuration list for PBXNativeTarget "Original_appTests" */;
			buildPhases = (
				B8451FC4292CCF1A009B54E4 /* Sources */,
				B8451FC5292CCF1A009B54E4 /* Frameworks */,
				B8451FC6292CCF1A009B54E4 /* Resources */,
			);
			buildRules = (
			);
			dependencies = (
				B8451FCA292CCF1A009B54E4 /* PBXTargetDependency */,
			);
			name = Original_appTests;
			productName = Original_appTests;
			productReference = B8451FC8292CCF1A009B54E4 /* Original_appTests.xctest */;
			productType = "com.apple.product-type.bundle.unit-test";
		};
		B8451FD1292CCF1A009B54E4 /* Original_appUITests */ = {
			isa = PBXNativeTarget;
			buildConfigurationList = B8451FE2292CCF1A009B54E4 /* Build configuration list for PBXNativeTarget "Original_appUITests" */;
			buildPhases = (
				B8451FCE292CCF1A009B54E4 /* Sources */,
				B8451FCF292CCF1A009B54E4 /* Frameworks */,
				B8451FD0292CCF1A009B54E4 /* Resources */,
			);
			buildRules = (
			);
			dependencies = (
				B8451FD4292CCF1A009B54E4 /* PBXTargetDependency */,
			);
			name = Original_appUITests;
			productName = Original_appUITests;
			productReference = B8451FD2292CCF1A009B54E4 /* Original_appUITests.xctest */;
			productType = "com.apple.product-type.bundle.ui-testing";
		};
/* End PBXNativeTarget section */

/* Begin PBXProject section */
		B8451FAA292CCF15009B54E4 /* Project object */ = {
			isa = PBXProject;
			attributes = {
				BuildIndependentTargetsInParallel = 1;
				LastSwiftUpdateCheck = 1400;
				LastUpgradeCheck = 1400;
				TargetAttributes = {
					B8451FB1292CCF15009B54E4 = {
						CreatedOnToolsVersion = 14.0.1;
					};
					B8451FC7292CCF1A009B54E4 = {
						CreatedOnToolsVersion = 14.0.1;
						TestTargetID = B8451FB1292CCF15009B54E4;
					};
					B8451FD1292CCF1A009B54E4 = {
						CreatedOnToolsVersion = 14.0.1;
						TestTargetID = B8451FB1292CCF15009B54E4;
					};
				};
			};
			buildConfigurationList = B8451FAD292CCF15009B54E4 /* Build configuration list for PBXProject "Original_app" */;
			compatibilityVersion = "Xcode 14.0";
			developmentRegion = en;
			hasScannedForEncodings = 0;
			knownRegions = (
				en,
				Base,
			);
			mainGroup = B8451FA9292CCF15009B54E4;
			productRefGroup = B8451FB3292CCF15009B54E4 /* Products */;
			projectDirPath = "";
			projectRoot = "";
			targets = (
				B8451FB1292CCF15009B54E4 /* Original_app */,
				B8451FC7292CCF1A009B54E4 /* Original_appTests */,
				B8451FD1292CCF1A009B54E4 /* Original_appUITests */,
			);
		};
/* End PBXProject section */

/* Begin PBXResourcesBuildPhase section */
		B8451FB0292CCF15009B54E4 /* Resources */ = {
			isa = PBXResourcesBuildPhase;
			buildActionMask = 2147483647;
			files = (
				B8451FC2292CCF19009B54E4 /* LaunchScreen.storyboard in Resources */,
				B8451FBF292CCF19009B54E4 /* Assets.xcassets in Resources */,
				B8451FBD292CCF15009B54E4 /* Main.storyboard in Resources */,
			);
			runOnlyForDeploymentPostprocessing = 0;
		};
		B8451FC6292CCF1A009B54E4 /* Resources */ = {
			isa = PBXResourcesBuildPhase;
			buildActionMask = 2147483647;
			files = (
			);
			runOnlyForDeploymentPostprocessing = 0;
		};
		B8451FD0292CCF1A009B54E4 /* Resources */ = {
			isa = PBXResourcesBuildPhase;
			buildActionMask = 2147483647;
			files = (
			);
			runOnlyForDeploymentPostprocessing = 0;
		};
/* End PBXResourcesBuildPhase section */

/* Begin PBXSourcesBuildPhase section */
		B8451FAE292CCF15009B54E4 /* Sources */ = {
			isa = PBXSourcesBuildPhase;
			buildActionMask = 2147483647;
			files = (
				B8451FE629360C85009B54E4 /* SecondViewController.swift in Sources */,
				B8451FBA292CCF15009B54E4 /* ViewController.swift in Sources */,
				B8451FB6292CCF15009B54E4 /* AppDelegate.swift in Sources */,
				B8451FB8292CCF15009B54E4 /* SceneDelegate.swift in Sources */,
			);
			runOnlyForDeploymentPostprocessing = 0;
		};
		B8451FC4292CCF1A009B54E4 /* Sources */ = {
			isa = PBXSourcesBuildPhase;
			buildActionMask = 2147483647;
			files = (
				B8451FCD292CCF1A009B54E4 /* Original_appTests.swift in Sources */,
			);
			runOnlyForDeploymentPostprocessing = 0;
		};
		B8451FCE292CCF1A009B54E4 /* Sources */ = {
			isa = PBXSourcesBuildPhase;
			buildActionMask = 2147483647;
			files = (
				B8451FD7292CCF1A009B54E4 /* Original_appUITests.swift in Sources */,
				B8451FD9292CCF1A009B54E4 /* Original_appUITestsLaunchTests.swift in Sources */,
			);
			runOnlyForDeploymentPostprocessing = 0;
		};
/* End PBXSourcesBuildPhase section */

/* Begin PBXTargetDependency section */
		B8451FCA292CCF1A009B54E4 /* PBXTargetDependency */ = {
			isa = PBXTargetDependency;
			target = B8451FB1292CCF15009B54E4 /* Original_app */;
			targetProxy = B8451FC9292CCF1A009B54E4 /* PBXContainerItemProxy */;
		};
		B8451FD4292CCF1A009B54E4 /* PBXTargetDependency */ = {
			isa = PBXTargetDependency;
			target = B8451FB1292CCF15009B54E4 /* Original_app */;
			targetProxy = B8451FD3292CCF1A009B54E4 /* PBXContainerItemProxy */;
		};
/* End PBXTargetDependency section */

/* Begin PBXVariantGroup section */
		B8451FBB292CCF15009B54E4 /* Main.storyboard */ = {
			isa = PBXVariantGroup;
			children = (
				B8451FBC292CCF15009B54E4 /* Base */,
			);
			name = Main.storyboard;
			sourceTree = "<group>";
		};
		B8451FC0292CCF19009B54E4 /* LaunchScreen.storyboard */ = {
			isa = PBXVariantGroup;
			children = (
				B8451FC1292CCF19009B54E4 /* Base */,
			);
			name = LaunchScreen.storyboard;
			sourceTree = "<group>";
		};
/* End PBXVariantGroup section */

/* Begin XCBuildConfiguration section */
		B8451FDA292CCF1A009B54E4 /* Debug */ = {
			isa = XCBuildConfiguration;
			buildSettings = {
				ALWAYS_SEARCH_USER_PATHS = NO;
				CLANG_ANALYZER_NONNULL = YES;
				CLANG_ANALYZER_NUMBER_OBJECT_CONVERSION = YES_AGGRESSIVE;
				CLANG_CXX_LANGUAGE_STANDARD = "gnu++20";
				CLANG_ENABLE_MODULES = YES;
				CLANG_ENABLE_OBJC_ARC = YES;
				CLANG_ENABLE_OBJC_WEAK = YES;
				CLANG_WARN_BLOCK_CAPTURE_AUTORELEASING = YES;
				CLANG_WARN_BOOL_CONVERSION = YES;
				CLANG_WARN_COMMA = YES;
				CLANG_WARN_CONSTANT_CONVERSION = YES;
				CLANG_WARN_DEPRECATED_OBJC_IMPLEMENTATIONS = YES;
				CLANG_WARN_DIRECT_OBJC_ISA_USAGE = YES_ERROR;
				CLANG_WARN_DOCUMENTATION_COMMENTS = YES;
				CLANG_WARN_EMPTY_BODY = YES;
				CLANG_WARN_ENUM_CONVERSION = YES;
				CLANG_WARN_INFINITE_RECURSION = YES;
				CLANG_WARN_INT_CONVERSION = YES;
				CLANG_WARN_NON_LITERAL_NULL_CONVERSION = YES;
				CLANG_WARN_OBJC_IMPLICIT_RETAIN_SELF = YES;
				CLANG_WARN_OBJC_LITERAL_CONVERSION = YES;
				CLANG_WARN_OBJC_ROOT_CLASS = YES_ERROR;
				CLANG_WARN_QUOTED_INCLUDE_IN_FRAMEWORK_HEADER = YES;
				CLANG_WARN_RANGE_LOOP_ANALYSIS = YES;
				CLANG_WARN_STRICT_PROTOTYPES = YES;
				CLANG_WARN_SUSPICIOUS_MOVE = YES;
				CLANG_WARN_UNGUARDED_AVAILABILITY = YES_AGGRESSIVE;
				CLANG_WARN_UNREACHABLE_CODE = YES;
				CLANG_WARN__DUPLICATE_METHOD_MATCH = YES;
				COPY_PHASE_STRIP = NO;
				DEBUG_INFORMATION_FORMAT = dwarf;
				ENABLE_STRICT_OBJC_MSGSEND = YES;
				ENABLE_TESTABILITY = YES;
				GCC_C_LANGUAGE_STANDARD = gnu11;
				GCC_DYNAMIC_NO_PIC = NO;
				GCC_NO_COMMON_BLOCKS = YES;
				GCC_OPTIMIZATION_LEVEL = 0;
				GCC_PREPROCESSOR_DEFINITIONS = (
					"DEBUG=1",
					"$(inherited)",
				);
				GCC_WARN_64_TO_32_BIT_CONVERSION = YES;
				GCC_WARN_ABOUT_RETURN_TYPE = YES_ERROR;
				GCC_WARN_UNDECLARED_SELECTOR = YES;
				GCC_WARN_UNINITIALIZED_AUTOS = YES_AGGRESSIVE;
				GCC_WARN_UNUSED_FUNCTION = YES;
				GCC_WARN_UNUSED_VARIABLE = YES;
				IPHONEOS_DEPLOYMENT_TARGET = 16.0;
				MTL_ENABLE_DEBUG_INFO = INCLUDE_SOURCE;
				MTL_FAST_MATH = YES;
				ONLY_ACTIVE_ARCH = YES;
				SDKROOT = iphoneos;
				SWIFT_ACTIVE_COMPILATION_CONDITIONS = DEBUG;
				SWIFT_OPTIMIZATION_LEVEL = "-Onone";
			};
			name = Debug;
		};
		B8451FDB292CCF1A009B54E4 /* Release */ = {
			isa = XCBuildConfiguration;
			buildSettings = {
				ALWAYS_SEARCH_USER_PATHS = NO;
				CLANG_ANALYZER_NONNULL = YES;
				CLANG_ANALYZER_NUMBER_OBJECT_CONVERSION = YES_AGGRESSIVE;
				CLANG_CXX_LANGUAGE_STANDARD = "gnu++20";
				CLANG_ENABLE_MODULES = YES;
				CLANG_ENABLE_OBJC_ARC = YES;
				CLANG_ENABLE_OBJC_WEAK = YES;
				CLANG_WARN_BLOCK_CAPTURE_AUTORELEASING = YES;
				CLANG_WARN_BOOL_CONVERSION = YES;
				CLANG_WARN_COMMA = YES;
				CLANG_WARN_CONSTANT_CONVERSION = YES;
				CLANG_WARN_DEPRECATED_OBJC_IMPLEMENTATIONS = YES;
				CLANG_WARN_DIRECT_OBJC_ISA_USAGE = YES_ERROR;
				CLANG_WARN_DOCUMENTATION_COMMENTS = YES;
				CLANG_WARN_EMPTY_BODY = YES;
				CLANG_WARN_ENUM_CONVERSION = YES;
				CLANG_WARN_INFINITE_RECURSION = YES;
				CLANG_WARN_INT_CONVERSION = YES;
				CLANG_WARN_NON_LITERAL_NULL_CONVERSION = YES;
				CLANG_WARN_OBJC_IMPLICIT_RETAIN_SELF = YES;
				CLANG_WARN_OBJC_LITERAL_CONVERSION = YES;
				CLANG_WARN_OBJC_ROOT_CLASS = YES_ERROR;
				CLANG_WARN_QUOTED_INCLUDE_IN_FRAMEWORK_HEADER = YES;
				CLANG_WARN_RANGE_LOOP_ANALYSIS = YES;
				CLANG_WARN_STRICT_PROTOTYPES = YES;
				CLANG_WARN_SUSPICIOUS_MOVE = YES;
				CLANG_WARN_UNGUARDED_AVAILABILITY = YES_AGGRESSIVE;
				CLANG_WARN_UNREACHABLE_CODE = YES;
				CLANG_WARN__DUPLICATE_METHOD_MATCH = YES;
				COPY_PHASE_STRIP = NO;
				DEBUG_INFORMATION_FORMAT = "dwarf-with-dsym";
				ENABLE_NS_ASSERTIONS = NO;
				ENABLE_STRICT_OBJC_MSGSEND = YES;
				GCC_C_LANGUAGE_STANDARD = gnu11;
				GCC_NO_COMMON_BLOCKS = YES;
				GCC_WARN_64_TO_32_BIT_CONVERSION = YES;
				GCC_WARN_ABOUT_RETURN_TYPE = YES_ERROR;
				GCC_WARN_UNDECLARED_SELECTOR = YES;
				GCC_WARN_UNINITIALIZED_AUTOS = YES_AGGRESSIVE;
				GCC_WARN_UNUSED_FUNCTION = YES;
				GCC_WARN_UNUSED_VARIABLE = YES;
				IPHONEOS_DEPLOYMENT_TARGET = 16.0;
				MTL_ENABLE_DEBUG_INFO = NO;
				MTL_FAST_MATH = YES;
				SDKROOT = iphoneos;
				SWIFT_COMPILATION_MODE = wholemodule;
				SWIFT_OPTIMIZATION_LEVEL = "-O";
				VALIDATE_PRODUCT = YES;
			};
			name = Release;
		};
		B8451FDD292CCF1A009B54E4 /* Debug */ = {
			isa = XCBuildConfiguration;
			buildSettings = {
				ASSETCATALOG_COMPILER_APPICON_NAME = AppIcon;
				ASSETCATALOG_COMPILER_GLOBAL_ACCENT_COLOR_NAME = AccentColor;
				CODE_SIGN_STYLE = Automatic;
				CURRENT_PROJECT_VERSION = 1;
				DEVELOPMENT_TEAM = VWF7MH5U4L;
				GENERATE_INFOPLIST_FILE = YES;
				INFOPLIST_FILE = Original_app/Info.plist;
				INFOPLIST_KEY_UIApplicationSupportsIndirectInputEvents = YES;
				INFOPLIST_KEY_UILaunchStoryboardName = LaunchScreen;
				INFOPLIST_KEY_UIMainStoryboardFile = Main;
				INFOPLIST_KEY_UISupportedInterfaceOrientations_iPad = "UIInterfaceOrientationPortrait UIInterfaceOrientationPortraitUpsideDown UIInterfaceOrientationLandscapeLeft UIInterfaceOrientationLandscapeRight";
				INFOPLIST_KEY_UISupportedInterfaceOrientations_iPhone = "UIInterfaceOrientationPortrait UIInterfaceOrientationLandscapeLeft UIInterfaceOrientationLandscapeRight";
				LD_RUNPATH_SEARCH_PATHS = (
					"$(inherited)",
					"@executable_path/Frameworks",
				);
				MARKETING_VERSION = 1.0;
				PRODUCT_BUNDLE_IDENTIFIER = "app.hotta.kanna.Original-app";
				PRODUCT_NAME = "$(TARGET_NAME)";
				SWIFT_EMIT_LOC_STRINGS = YES;
				SWIFT_VERSION = 5.0;
				TARGETED_DEVICE_FAMILY = "1,2";
			};
			name = Debug;
		};
		B8451FDE292CCF1A009B54E4 /* Release */ = {
			isa = XCBuildConfiguration;
			buildSettings = {
				ASSETCATALOG_COMPILER_APPICON_NAME = AppIcon;
				ASSETCATALOG_COMPILER_GLOBAL_ACCENT_COLOR_NAME = AccentColor;
				CODE_SIGN_STYLE = Automatic;
				CURRENT_PROJECT_VERSION = 1;
				DEVELOPMENT_TEAM = VWF7MH5U4L;
				GENERATE_INFOPLIST_FILE = YES;
				INFOPLIST_FILE = Original_app/Info.plist;
				INFOPLIST_KEY_UIApplicationSupportsIndirectInputEvents = YES;
				INFOPLIST_KEY_UILaunchStoryboardName = LaunchScreen;
				INFOPLIST_KEY_UIMainStoryboardFile = Main;
				INFOPLIST_KEY_UISupportedInterfaceOrientations_iPad = "UIInterfaceOrientationPortrait UIInterfaceOrientationPortraitUpsideDown UIInterfaceOrientationLandscapeLeft UIInterfaceOrientationLandscapeRight";
				INFOPLIST_KEY_UISupportedInterfaceOrientations_iPhone = "UIInterfaceOrientationPortrait UIInterfaceOrientationLandscapeLeft UIInterfaceOrientationLandscapeRight";
				LD_RUNPATH_SEARCH_PATHS = (
					"$(inherited)",
					"@executable_path/Frameworks",
				);
				MARKETING_VERSION = 1.0;
				PRODUCT_BUNDLE_IDENTIFIER = "app.hotta.kanna.Original-app";
				PRODUCT_NAME = "$(TARGET_NAME)";
				SWIFT_EMIT_LOC_STRINGS = YES;
				SWIFT_VERSION = 5.0;
				TARGETED_DEVICE_FAMILY = "1,2";
			};
			name = Release;
		};
		B8451FE0292CCF1A009B54E4 /* Debug */ = {
			isa = XCBuildConfiguration;
			buildSettings = {
				ALWAYS_EMBED_SWIFT_STANDARD_LIBRARIES = YES;
				BUNDLE_LOADER = "$(TEST_HOST)";
				CODE_SIGN_STYLE = Automatic;
				CURRENT_PROJECT_VERSION = 1;
				DEVELOPMENT_TEAM = VWF7MH5U4L;
				GENERATE_INFOPLIST_FILE = YES;
				IPHONEOS_DEPLOYMENT_TARGET = 16.0;
				MARKETING_VERSION = 1.0;
				PRODUCT_BUNDLE_IDENTIFIER = "app.hotta.kanna.Original-appTests";
				PRODUCT_NAME = "$(TARGET_NAME)";
				SWIFT_EMIT_LOC_STRINGS = NO;
				SWIFT_VERSION = 5.0;
				TARGETED_DEVICE_FAMILY = "1,2";
				TEST_HOST = "$(BUILT_PRODUCTS_DIR)/Original_app.app/$(BUNDLE_EXECUTABLE_FOLDER_PATH)/Original_app";
			};
			name = Debug;
		};
		B8451FE1292CCF1A009B54E4 /* Release */ = {
			isa = XCBuildConfiguration;
			buildSettings = {
				ALWAYS_EMBED_SWIFT_STANDARD_LIBRARIES = YES;
				BUNDLE_LOADER = "$(TEST_HOST)";
				CODE_SIGN_STYLE = Automatic;
				CURRENT_PROJECT_VERSION = 1;
				DEVELOPMENT_TEAM = VWF7MH5U4L;
				GENERATE_INFOPLIST_FILE = YES;
				IPHONEOS_DEPLOYMENT_TARGET = 16.0;
				MARKETING_VERSION = 1.0;
				PRODUCT_BUNDLE_IDENTIFIER = "app.hotta.kanna.Original-appTests";
				PRODUCT_NAME = "$(TARGET_NAME)";
				SWIFT_EMIT_LOC_STRINGS = NO;
				SWIFT_VERSION = 5.0;
				TARGETED_DEVICE_FAMILY = "1,2";
				TEST_HOST = "$(BUILT_PRODUCTS_DIR)/Original_app.app/$(BUNDLE_EXECUTABLE_FOLDER_PATH)/Original_app";
			};
			name = Release;
		};
		B8451FE3292CCF1A009B54E4 /* Debug */ = {
			isa = XCBuildConfiguration;
			buildSettings = {
				ALWAYS_EMBED_SWIFT_STANDARD_LIBRARIES = YES;
				CODE_SIGN_STYLE = Automatic;
				CURRENT_PROJECT_VERSION = 1;
				DEVELOPMENT_TEAM = VWF7MH5U4L;
				GENERATE_INFOPLIST_FILE = YES;
				MARKETING_VERSION = 1.0;
				PRODUCT_BUNDLE_IDENTIFIER = "app.hotta.kanna.Original-appUITests";
				PRODUCT_NAME = "$(TARGET_NAME)";
				SWIFT_EMIT_LOC_STRINGS = NO;
				SWIFT_VERSION = 5.0;
				TARGETED_DEVICE_FAMILY = "1,2";
				TEST_TARGET_NAME = Original_app;
			};
			name = Debug;
		};
		B8451FE4292CCF1A009B54E4 /* Release */ = {
			isa = XCBuildConfiguration;
			buildSettings = {
				ALWAYS_EMBED_SWIFT_STANDARD_LIBRARIES = YES;
				CODE_SIGN_STYLE = Automatic;
				CURRENT_PROJECT_VERSION = 1;
				DEVELOPMENT_TEAM = VWF7MH5U4L;
				GENERATE_INFOPLIST_FILE = YES;
				MARKETING_VERSION = 1.0;
				PRODUCT_BUNDLE_IDENTIFIER = "app.hotta.kanna.Original-appUITests";
				PRODUCT_NAME = "$(TARGET_NAME)";
				SWIFT_EMIT_LOC_STRINGS = NO;
				SWIFT_VERSION = 5.0;
				TARGETED_DEVICE_FAMILY = "1,2";
				TEST_TARGET_NAME = Original_app;
			};
			name = Release;
		};
/* End XCBuildConfiguration section */

/* Begin XCConfigurationList section */
		B8451FAD292CCF15009B54E4 /* Build configuration list for PBXProject "Original_app" */ = {
			isa = XCConfigurationList;
			buildConfigurations = (
				B8451FDA292CCF1A009B54E4 /* Debug */,
				B8451FDB292CCF1A009B54E4 /* Release */,
			);
			defaultConfigurationIsVisible = 0;
			defaultConfigurationName = Release;
		};
		B8451FDC292CCF1A009B54E4 /* Build configuration list for PBXNativeTarget "Original_app" */ = {
			isa = XCConfigurationList;
			buildConfigurations = (
				B8451FDD292CCF1A009B54E4 /* Debug */,
				B8451FDE292CCF1A009B54E4 /* Release */,
			);
			defaultConfigurationIsVisible = 0;
			defaultConfigurationName = Release;
		};
		B8451FDF292CCF1A009B54E4 /* Build configuration list for PBXNativeTarget "Original_appTests" */ = {
			isa = XCConfigurationList;
			buildConfigurations = (
				B8451FE0292CCF1A009B54E4 /* Debug */,
				B8451FE1292CCF1A009B54E4 /* Release */,
			);
			defaultConfigurationIsVisible = 0;
			defaultConfigurationName = Release;
		};
		B8451FE2292CCF1A009B54E4 /* Build configuration list for PBXNativeTarget "Original_appUITests" */ = {
			isa = XCConfigurationList;
			buildConfigurations = (
				B8451FE3292CCF1A009B54E4 /* Debug */,
				B8451FE4292CCF1A009B54E4 /* Release */,
			);
			defaultConfigurationIsVisible = 0;
			defaultConfigurationName = Release;
		};
/* End XCConfigurationList section */
	};
	rootObject = B8451FAA292CCF15009B54E4 /* Project object */;
}
